// !$*UTF8*$!
{
	archiveVersion = 1;
	classes = {
	};
	objectVersion = 48;
	objects = {

/* Begin PBXBuildFile section */
		ED162D3D20B904C500AA3F5C /* GNLTest.m in Sources */ = {isa = PBXBuildFile; fileRef = ED162D3C20B904C500AA3F5C /* GNLTest.m */; };
		ED162D4220B9051400AA3F5C /* get_next_line.c in Sources */ = {isa = PBXBuildFile; fileRef = ED4DAFCD1FCD0C6B00F5B191 /* get_next_line.c */; };
		ED162D4320B9052300AA3F5C /* libft.a in Frameworks */ = {isa = PBXBuildFile; fileRef = ED79FCFE1FEDA51900EB15A1 /* libft.a */; };
		EDDAB9C0218FCEE4006719C9 /* TestFiles in Resources */ = {isa = PBXBuildFile; fileRef = ED8BFE542173BF1E00B3AA6D /* TestFiles */; };
		EDDAB9C1218FCEE8006719C9 /* File.txt in CopyFiles */ = {isa = PBXBuildFile; fileRef = ED407B431FCD5E36005FF1D5 /* File.txt */; };
		EDDAB9C2218FCEEA006719C9 /* lol.txt in CopyFiles */ = {isa = PBXBuildFile; fileRef = ED50B40C1FE686D0004987FB /* lol.txt */; };
		EDDAB9C3218FCEED006719C9 /* TestFiles in CopyFiles */ = {isa = PBXBuildFile; fileRef = ED8BFE542173BF1E00B3AA6D /* TestFiles */; };
		EDDAB9C4218FCEF5006719C9 /* get_next_line.c in Sources */ = {isa = PBXBuildFile; fileRef = ED4DAFCD1FCD0C6B00F5B191 /* get_next_line.c */; };
		EDDAB9C5218FCEFB006719C9 /* get_next_line.h in Headers */ = {isa = PBXBuildFile; fileRef = ED4DAFCC1FCD0C6B00F5B191 /* get_next_line.h */; settings = {ATTRIBUTES = (Public, ); }; };
		EDDAB9DF218FCF54006719C9 /* libft.a in Frameworks */ = {isa = PBXBuildFile; fileRef = ED79FCFE1FEDA51900EB15A1 /* libft.a */; };
/* End PBXBuildFile section */

/* Begin PBXContainerItemProxy section */
		ED012BF220BE3D6C004DA2C3 /* PBXContainerItemProxy */ = {
			isa = PBXContainerItemProxy;
			containerPortal = ED79FCF81FEDA51800EB15A1 /* ft.xcodeproj */;
			proxyType = 2;
			remoteGlobalIDString = ED012BE620BE3424004DA2C3;
			remoteInfo = FunctionTests;
		};
		ED79FCFD1FEDA51900EB15A1 /* PBXContainerItemProxy */ = {
			isa = PBXContainerItemProxy;
			containerPortal = ED79FCF81FEDA51800EB15A1 /* ft.xcodeproj */;
			proxyType = 2;
			remoteGlobalIDString = EDEBF9431FED8A2F00C771FC;
			remoteInfo = ft;
		};
		EDDAB9DA218FCF4E006719C9 /* PBXContainerItemProxy */ = {
			isa = PBXContainerItemProxy;
			containerPortal = ED79FCF81FEDA51800EB15A1 /* ft.xcodeproj */;
			proxyType = 1;
			remoteGlobalIDString = EDEBF9421FED8A2F00C771FC;
			remoteInfo = ft;
		};
/* End PBXContainerItemProxy section */

/* Begin PBXCopyFilesBuildPhase section */
		ED162D4520B9090900AA3F5C /* CopyFiles */ = {
			isa = PBXCopyFilesBuildPhase;
			buildActionMask = 12;
			dstPath = "";
			dstSubfolderSpec = 16;
			files = (
				EDDAB9C1218FCEE8006719C9 /* File.txt in CopyFiles */,
				EDDAB9C2218FCEEA006719C9 /* lol.txt in CopyFiles */,
				EDDAB9C3218FCEED006719C9 /* TestFiles in CopyFiles */,
			);
			runOnlyForDeploymentPostprocessing = 0;
		};
/* End PBXCopyFilesBuildPhase section */

/* Begin PBXFileReference section */
		ED03A324210979FE00417069 /* Cocoa.framework */ = {isa = PBXFileReference; lastKnownFileType = wrapper.framework; name = Cocoa.framework; path = System/Library/Frameworks/Cocoa.framework; sourceTree = SDKROOT; };
		ED162D3A20B904C500AA3F5C /* GNLTest.xctest */ = {isa = PBXFileReference; explicitFileType = wrapper.cfbundle; includeInIndex = 0; path = GNLTest.xctest; sourceTree = BUILT_PRODUCTS_DIR; };
		ED162D3C20B904C500AA3F5C /* GNLTest.m */ = {isa = PBXFileReference; lastKnownFileType = sourcecode.c.objc; path = GNLTest.m; sourceTree = "<group>"; };
		ED162D3E20B904C500AA3F5C /* Info.plist */ = {isa = PBXFileReference; lastKnownFileType = text.plist.xml; path = Info.plist; sourceTree = "<group>"; };
		ED162D4420B906FF00AA3F5C /* GNLTest.h */ = {isa = PBXFileReference; lastKnownFileType = sourcecode.c.h; path = GNLTest.h; sourceTree = "<group>"; };
		ED2098711FD02BA900F45D1D /* get_next_line.fr.pdf */ = {isa = PBXFileReference; lastKnownFileType = image.pdf; path = get_next_line.fr.pdf; sourceTree = "<group>"; };
		ED2098941FD0455F00F45D1D /* auteur */ = {isa = PBXFileReference; fileEncoding = 4; lastKnownFileType = text; path = auteur; sourceTree = "<group>"; };
		ED2098961FD0455F00F45D1D /* README.md */ = {isa = PBXFileReference; fileEncoding = 4; lastKnownFileType = net.daringfireball.markdown; path = README.md; sourceTree = "<group>"; };
		ED407B431FCD5E36005FF1D5 /* File.txt */ = {isa = PBXFileReference; lastKnownFileType = text; name = File.txt; path = Tests/File.txt; sourceTree = "<group>"; };
		ED4DAFCC1FCD0C6B00F5B191 /* get_next_line.h */ = {isa = PBXFileReference; lastKnownFileType = sourcecode.c.h; path = get_next_line.h; sourceTree = "<group>"; };
		ED4DAFCD1FCD0C6B00F5B191 /* get_next_line.c */ = {isa = PBXFileReference; lastKnownFileType = sourcecode.c.c; path = get_next_line.c; sourceTree = "<group>"; };
		ED50B40C1FE686D0004987FB /* lol.txt */ = {isa = PBXFileReference; fileEncoding = 4; lastKnownFileType = text; path = lol.txt; sourceTree = "<group>"; };
		ED79FCF81FEDA51800EB15A1 /* ft.xcodeproj */ = {isa = PBXFileReference; lastKnownFileType = "wrapper.pb-project"; name = ft.xcodeproj; path = ../libft/ft.xcodeproj; sourceTree = "<group>"; };
		ED8BFE542173BF1E00B3AA6D /* TestFiles */ = {isa = PBXFileReference; lastKnownFileType = folder; path = TestFiles; sourceTree = "<group>"; };
		EDDAB9BC218FCEC8006719C9 /* libGNL.dylib */ = {isa = PBXFileReference; explicitFileType = "compiled.mach-o.dylib"; includeInIndex = 0; path = libGNL.dylib; sourceTree = BUILT_PRODUCTS_DIR; };
/* End PBXFileReference section */

/* Begin PBXFrameworksBuildPhase section */
		ED162D3720B904C500AA3F5C /* Frameworks */ = {
			isa = PBXFrameworksBuildPhase;
			buildActionMask = 2147483647;
			files = (
				ED162D4320B9052300AA3F5C /* libft.a in Frameworks */,
			);
			runOnlyForDeploymentPostprocessing = 0;
		};
		EDDAB9BA218FCEC8006719C9 /* Frameworks */ = {
			isa = PBXFrameworksBuildPhase;
			buildActionMask = 2147483647;
			files = (
				EDDAB9DF218FCF54006719C9 /* libft.a in Frameworks */,
			);
			runOnlyForDeploymentPostprocessing = 0;
		};
/* End PBXFrameworksBuildPhase section */

/* Begin PBXGroup section */
		ED162D3B20B904C500AA3F5C /* GNLTest */ = {
			isa = PBXGroup;
			children = (
				ED8BFE542173BF1E00B3AA6D /* TestFiles */,
				ED162D3C20B904C500AA3F5C /* GNLTest.m */,
				ED162D4420B906FF00AA3F5C /* GNLTest.h */,
				ED162D3E20B904C500AA3F5C /* Info.plist */,
			);
			path = GNLTest;
			sourceTree = "<group>";
		};
		ED4DAFB31FCD0AD700F5B191 = {
			isa = PBXGroup;
			children = (
				ED2098941FD0455F00F45D1D /* auteur */,
				ED2098961FD0455F00F45D1D /* README.md */,
				ED2098711FD02BA900F45D1D /* get_next_line.fr.pdf */,
				ED4DAFC61FCD0B7300F5B191 /* Get_Next_Line */,
				ED4DAFC81FCD0BAE00F5B191 /* Tests */,
				ED79FCF81FEDA51800EB15A1 /* ft.xcodeproj */,
				ED162D3B20B904C500AA3F5C /* GNLTest */,
				ED4DAFBD1FCD0AD700F5B191 /* Products */,
				EDC963692006A35800E39B05 /* Frameworks */,
			);
			sourceTree = "<group>";
		};
		ED4DAFBD1FCD0AD700F5B191 /* Products */ = {
			isa = PBXGroup;
			children = (
				ED162D3A20B904C500AA3F5C /* GNLTest.xctest */,
				EDDAB9BC218FCEC8006719C9 /* libGNL.dylib */,
			);
			name = Products;
			sourceTree = "<group>";
		};
		ED4DAFC61FCD0B7300F5B191 /* Get_Next_Line */ = {
			isa = PBXGroup;
			children = (
				ED4DAFCC1FCD0C6B00F5B191 /* get_next_line.h */,
				ED4DAFCD1FCD0C6B00F5B191 /* get_next_line.c */,
			);
			name = Get_Next_Line;
			sourceTree = "<group>";
		};
		ED4DAFC81FCD0BAE00F5B191 /* Tests */ = {
			isa = PBXGroup;
			children = (
				ED407B431FCD5E36005FF1D5 /* File.txt */,
				ED50B40C1FE686D0004987FB /* lol.txt */,
			);
			name = Tests;
			sourceTree = "<group>";
		};
		ED79FCF91FEDA51800EB15A1 /* Products */ = {
			isa = PBXGroup;
			children = (
				ED79FCFE1FEDA51900EB15A1 /* libft.a */,
				ED012BF320BE3D6C004DA2C3 /* FunctionTests.xctest */,
			);
			name = Products;
			sourceTree = "<group>";
		};
		EDC963692006A35800E39B05 /* Frameworks */ = {
			isa = PBXGroup;
			children = (
				ED03A324210979FE00417069 /* Cocoa.framework */,
			);
			name = Frameworks;
			sourceTree = "<group>";
		};
/* End PBXGroup section */

/* Begin PBXHeadersBuildPhase section */
		EDDAB9B8218FCEC8006719C9 /* Headers */ = {
			isa = PBXHeadersBuildPhase;
			buildActionMask = 2147483647;
			files = (
				EDDAB9C5218FCEFB006719C9 /* get_next_line.h in Headers */,
			);
			runOnlyForDeploymentPostprocessing = 0;
		};
/* End PBXHeadersBuildPhase section */

/* Begin PBXNativeTarget section */
		ED162D3920B904C500AA3F5C /* GNLTest */ = {
			isa = PBXNativeTarget;
			buildConfigurationList = ED162D3F20B904C500AA3F5C /* Build configuration list for PBXNativeTarget "GNLTest" */;
			buildPhases = (
				ED162D3620B904C500AA3F5C /* Sources */,
				ED162D3720B904C500AA3F5C /* Frameworks */,
				ED162D3820B904C500AA3F5C /* Resources */,
				ED162D4520B9090900AA3F5C /* CopyFiles */,
			);
			buildRules = (
			);
			dependencies = (
			);
			name = GNLTest;
			productName = GNLTest;
			productReference = ED162D3A20B904C500AA3F5C /* GNLTest.xctest */;
			productType = "com.apple.product-type.bundle.unit-test";
		};
		EDDAB9BB218FCEC8006719C9 /* GNL */ = {
			isa = PBXNativeTarget;
			buildConfigurationList = EDDAB9BD218FCEC8006719C9 /* Build configuration list for PBXNativeTarget "GNL" */;
			buildPhases = (
				EDDAB9B8218FCEC8006719C9 /* Headers */,
				EDDAB9B9218FCEC8006719C9 /* Sources */,
				EDDAB9BA218FCEC8006719C9 /* Frameworks */,
			);
			buildRules = (
			);
			dependencies = (
				EDDAB9DB218FCF4E006719C9 /* PBXTargetDependency */,
			);
			name = GNL;
			productName = GNL;
			productReference = EDDAB9BC218FCEC8006719C9 /* libGNL.dylib */;
			productType = "com.apple.product-type.library.dynamic";
		};
/* End PBXNativeTarget section */

/* Begin PBXProject section */
		ED4DAFB41FCD0AD700F5B191 /* Project object */ = {
			isa = PBXProject;
			attributes = {
				LastSwiftUpdateCheck = 1000;
				LastUpgradeCheck = 0930;
				ORGANIZATIONNAME = "Marcus Florentin";
				TargetAttributes = {
					ED162D3920B904C500AA3F5C = {
						CreatedOnToolsVersion = 9.3.1;
						ProvisioningStyle = Automatic;
					};
					EDDAB9BB218FCEC8006719C9 = {
						CreatedOnToolsVersion = 10.0;
						ProvisioningStyle = Automatic;
					};
				};
			};
			buildConfigurationList = ED4DAFB71FCD0AD700F5B191 /* Build configuration list for PBXProject "Get_Next_Line" */;
			compatibilityVersion = "Xcode 8.0";
			developmentRegion = en;
			hasScannedForEncodings = 0;
			knownRegions = (
				en,
			);
			mainGroup = ED4DAFB31FCD0AD700F5B191;
			productRefGroup = ED4DAFBD1FCD0AD700F5B191 /* Products */;
			projectDirPath = "";
			projectReferences = (
				{
					ProductGroup = ED79FCF91FEDA51800EB15A1 /* Products */;
					ProjectRef = ED79FCF81FEDA51800EB15A1 /* ft.xcodeproj */;
				},
			);
			projectRoot = "";
			targets = (
				EDDAB9BB218FCEC8006719C9 /* GNL */,
				ED162D3920B904C500AA3F5C /* GNLTest */,
			);
		};
/* End PBXProject section */

/* Begin PBXReferenceProxy section */
		ED012BF320BE3D6C004DA2C3 /* FunctionTests.xctest */ = {
			isa = PBXReferenceProxy;
			fileType = wrapper.cfbundle;
			path = FunctionTests.xctest;
			remoteRef = ED012BF220BE3D6C004DA2C3 /* PBXContainerItemProxy */;
			sourceTree = BUILT_PRODUCTS_DIR;
		};
		ED79FCFE1FEDA51900EB15A1 /* libft.a */ = {
			isa = PBXReferenceProxy;
			fileType = archive.ar;
			path = libft.a;
			remoteRef = ED79FCFD1FEDA51900EB15A1 /* PBXContainerItemProxy */;
			sourceTree = BUILT_PRODUCTS_DIR;
		};
/* End PBXReferenceProxy section */

/* Begin PBXResourcesBuildPhase section */
		ED162D3820B904C500AA3F5C /* Resources */ = {
			isa = PBXResourcesBuildPhase;
			buildActionMask = 2147483647;
			files = (
				EDDAB9C0218FCEE4006719C9 /* TestFiles in Resources */,
			);
			runOnlyForDeploymentPostprocessing = 0;
		};
/* End PBXResourcesBuildPhase section */

/* Begin PBXSourcesBuildPhase section */
		ED162D3620B904C500AA3F5C /* Sources */ = {
			isa = PBXSourcesBuildPhase;
			buildActionMask = 2147483647;
			files = (
				ED162D3D20B904C500AA3F5C /* GNLTest.m in Sources */,
				ED162D4220B9051400AA3F5C /* get_next_line.c in Sources */,
			);
			runOnlyForDeploymentPostprocessing = 0;
		};
		EDDAB9B9218FCEC8006719C9 /* Sources */ = {
			isa = PBXSourcesBuildPhase;
			buildActionMask = 2147483647;
			files = (
				EDDAB9C4218FCEF5006719C9 /* get_next_line.c in Sources */,
			);
			runOnlyForDeploymentPostprocessing = 0;
		};
/* End PBXSourcesBuildPhase section */

/* Begin PBXTargetDependency section */
		EDDAB9DB218FCF4E006719C9 /* PBXTargetDependency */ = {
			isa = PBXTargetDependency;
			name = ft;
			targetProxy = EDDAB9DA218FCF4E006719C9 /* PBXContainerItemProxy */;
		};
/* End PBXTargetDependency section */

/* Begin XCBuildConfiguration section */
		ED162D4020B904C500AA3F5C /* Debug */ = {
			isa = XCBuildConfiguration;
			buildSettings = {
				CLANG_ENABLE_OBJC_WEAK = YES;
				CODE_SIGN_STYLE = Automatic;
				COMBINE_HIDPI_IMAGES = YES;
				DEVELOPMENT_TEAM = Z8Q82L44LS;
				INFOPLIST_FILE = GNLTest/Info.plist;
				LD_RUNPATH_SEARCH_PATHS = "$(inherited) @executable_path/../Frameworks @loader_path/../Frameworks";
				PRODUCT_BUNDLE_IDENTIFIER = oz.osmoze.GNLTest;
				PRODUCT_NAME = "$(TARGET_NAME)";
			};
			name = Debug;
		};
		ED162D4120B904C500AA3F5C /* Release */ = {
			isa = XCBuildConfiguration;
			buildSettings = {
				CLANG_ENABLE_OBJC_WEAK = YES;
				CODE_SIGN_STYLE = Automatic;
				COMBINE_HIDPI_IMAGES = YES;
				DEVELOPMENT_TEAM = Z8Q82L44LS;
				INFOPLIST_FILE = GNLTest/Info.plist;
				LD_RUNPATH_SEARCH_PATHS = "$(inherited) @executable_path/../Frameworks @loader_path/../Frameworks";
				PRODUCT_BUNDLE_IDENTIFIER = oz.osmoze.GNLTest;
				PRODUCT_NAME = "$(TARGET_NAME)";
			};
			name = Release;
		};
		ED4DAFC11FCD0AD700F5B191 /* Debug */ = {
			isa = XCBuildConfiguration;
			buildSettings = {
				ALWAYS_SEARCH_USER_PATHS = NO;
				CLANG_ANALYZER_NONNULL = YES;
				CLANG_ANALYZER_NUMBER_OBJECT_CONVERSION = YES_AGGRESSIVE;
				CLANG_CXX_LANGUAGE_STANDARD = "gnu++14";
				CLANG_CXX_LIBRARY = "libc++";
				CLANG_ENABLE_MODULES = YES;
				CLANG_ENABLE_OBJC_ARC = YES;
				CLANG_WARN_BLOCK_CAPTURE_AUTORELEASING = YES;
				CLANG_WARN_BOOL_CONVERSION = YES;
				CLANG_WARN_COMMA = YES;
				CLANG_WARN_CONSTANT_CONVERSION = YES;
				CLANG_WARN_DEPRECATED_OBJC_IMPLEMENTATIONS = YES;
				CLANG_WARN_DIRECT_OBJC_ISA_USAGE = YES_ERROR;
				CLANG_WARN_DOCUMENTATION_COMMENTS = YES;
				CLANG_WARN_EMPTY_BODY = YES;
				CLANG_WARN_ENUM_CONVERSION = YES;
				CLANG_WARN_INFINITE_RECURSION = YES;
				CLANG_WARN_INT_CONVERSION = YES;
				CLANG_WARN_NON_LITERAL_NULL_CONVERSION = YES;
				CLANG_WARN_OBJC_IMPLICIT_RETAIN_SELF = YES;
				CLANG_WARN_OBJC_LITERAL_CONVERSION = YES;
				CLANG_WARN_OBJC_ROOT_CLASS = YES_ERROR;
				CLANG_WARN_RANGE_LOOP_ANALYSIS = YES;
				CLANG_WARN_STRICT_PROTOTYPES = YES;
				CLANG_WARN_SUSPICIOUS_MOVE = YES;
				CLANG_WARN_UNGUARDED_AVAILABILITY = YES_AGGRESSIVE;
				CLANG_WARN_UNREACHABLE_CODE = YES;
				CLANG_WARN__DUPLICATE_METHOD_MATCH = YES;
				CODE_SIGN_IDENTITY = "Mac Developer";
				COPY_PHASE_STRIP = NO;
				DEBUG_INFORMATION_FORMAT = dwarf;
				ENABLE_STRICT_OBJC_MSGSEND = YES;
				ENABLE_TESTABILITY = YES;
				GCC_C_LANGUAGE_STANDARD = gnu11;
				GCC_DYNAMIC_NO_PIC = NO;
				GCC_NO_COMMON_BLOCKS = YES;
				GCC_OPTIMIZATION_LEVEL = 0;
				GCC_PREPROCESSOR_DEFINITIONS = (
					"DEBUG=1",
					"$(inherited)",
				);
				GCC_WARN_64_TO_32_BIT_CONVERSION = YES;
				GCC_WARN_ABOUT_RETURN_TYPE = YES_ERROR;
				GCC_WARN_UNDECLARED_SELECTOR = YES;
				GCC_WARN_UNINITIALIZED_AUTOS = YES_AGGRESSIVE;
				GCC_WARN_UNUSED_FUNCTION = YES;
				GCC_WARN_UNUSED_VARIABLE = YES;
				MACOSX_DEPLOYMENT_TARGET = 10.13;
				MTL_ENABLE_DEBUG_INFO = YES;
				ONLY_ACTIVE_ARCH = YES;
				SDKROOT = macosx;
			};
			name = Debug;
		};
		ED4DAFC21FCD0AD700F5B191 /* Release */ = {
			isa = XCBuildConfiguration;
			buildSettings = {
				ALWAYS_SEARCH_USER_PATHS = NO;
				CLANG_ANALYZER_NONNULL = YES;
				CLANG_ANALYZER_NUMBER_OBJECT_CONVERSION = YES_AGGRESSIVE;
				CLANG_CXX_LANGUAGE_STANDARD = "gnu++14";
				CLANG_CXX_LIBRARY = "libc++";
				CLANG_ENABLE_MODULES = YES;
				CLANG_ENABLE_OBJC_ARC = YES;
				CLANG_WARN_BLOCK_CAPTURE_AUTORELEASING = YES;
				CLANG_WARN_BOOL_CONVERSION = YES;
				CLANG_WARN_COMMA = YES;
				CLANG_WARN_CONSTANT_CONVERSION = YES;
				CLANG_WARN_DEPRECATED_OBJC_IMPLEMENTATIONS = YES;
				CLANG_WARN_DIRECT_OBJC_ISA_USAGE = YES_ERROR;
				CLANG_WARN_DOCUMENTATION_COMMENTS = YES;
				CLANG_WARN_EMPTY_BODY = YES;
				CLANG_WARN_ENUM_CONVERSION = YES;
				CLANG_WARN_INFINITE_RECURSION = YES;
				CLANG_WARN_INT_CONVERSION = YES;
				CLANG_WARN_NON_LITERAL_NULL_CONVERSION = YES;
				CLANG_WARN_OBJC_IMPLICIT_RETAIN_SELF = YES;
				CLANG_WARN_OBJC_LITERAL_CONVERSION = YES;
				CLANG_WARN_OBJC_ROOT_CLASS = YES_ERROR;
				CLANG_WARN_RANGE_LOOP_ANALYSIS = YES;
				CLANG_WARN_STRICT_PROTOTYPES = YES;
				CLANG_WARN_SUSPICIOUS_MOVE = YES;
				CLANG_WARN_UNGUARDED_AVAILABILITY = YES_AGGRESSIVE;
				CLANG_WARN_UNREACHABLE_CODE = YES;
				CLANG_WARN__DUPLICATE_METHOD_MATCH = YES;
				CODE_SIGN_IDENTITY = "Mac Developer";
				COPY_PHASE_STRIP = NO;
				DEBUG_INFORMATION_FORMAT = "dwarf-with-dsym";
				ENABLE_NS_ASSERTIONS = NO;
				ENABLE_STRICT_OBJC_MSGSEND = YES;
				GCC_C_LANGUAGE_STANDARD = gnu11;
				GCC_NO_COMMON_BLOCKS = YES;
				GCC_WARN_64_TO_32_BIT_CONVERSION = YES;
				GCC_WARN_ABOUT_RETURN_TYPE = YES_ERROR;
				GCC_WARN_UNDECLARED_SELECTOR = YES;
				GCC_WARN_UNINITIALIZED_AUTOS = YES_AGGRESSIVE;
				GCC_WARN_UNUSED_FUNCTION = YES;
				GCC_WARN_UNUSED_VARIABLE = YES;
				MACOSX_DEPLOYMENT_TARGET = 10.13;
				MTL_ENABLE_DEBUG_INFO = NO;
				SDKROOT = macosx;
			};
			name = Release;
		};
		EDDAB9BE218FCEC8006719C9 /* Debug */ = {
			isa = XCBuildConfiguration;
			buildSettings = {
				CLANG_ENABLE_OBJC_WEAK = YES;
				CODE_SIGN_STYLE = Automatic;
				DEVELOPMENT_TEAM = Z8Q82L44LS;
				DYLIB_COMPATIBILITY_VERSION = 1;
				DYLIB_CURRENT_VERSION = 1;
				EXECUTABLE_PREFIX = lib;
				MACOSX_DEPLOYMENT_TARGET = 10.14;
				MTL_ENABLE_DEBUG_INFO = INCLUDE_SOURCE;
				MTL_FAST_MATH = YES;
				PRODUCT_NAME = "$(TARGET_NAME)";
				SKIP_INSTALL = YES;
			};
			name = Debug;
		};
		EDDAB9BF218FCEC8006719C9 /* Release */ = {
			isa = XCBuildConfiguration;
			buildSettings = {
				CLANG_ENABLE_OBJC_WEAK = YES;
				CODE_SIGN_STYLE = Automatic;
				DEVELOPMENT_TEAM = Z8Q82L44LS;
				DYLIB_COMPATIBILITY_VERSION = 1;
				DYLIB_CURRENT_VERSION = 1;
				EXECUTABLE_PREFIX = lib;
				MACOSX_DEPLOYMENT_TARGET = 10.14;
				MTL_FAST_MATH = YES;
				PRODUCT_NAME = "$(TARGET_NAME)";
				SKIP_INSTALL = YES;
			};
			name = Release;
		};
/* End XCBuildConfiguration section */

/* Begin XCConfigurationList section */
		ED162D3F20B904C500AA3F5C /* Build configuration list for PBXNativeTarget "GNLTest" */ = {
			isa = XCConfigurationList;
			buildConfigurations = (
				ED162D4020B904C500AA3F5C /* Debug */,
				ED162D4120B904C500AA3F5C /* Release */,
			);
			defaultConfigurationIsVisible = 0;
			defaultConfigurationName = Debug;
		};
		ED4DAFB71FCD0AD700F5B191 /* Build configuration list for PBXProject "Get_Next_Line" */ = {
			isa = XCConfigurationList;
			buildConfigurations = (
				ED4DAFC11FCD0AD700F5B191 /* Debug */,
				ED4DAFC21FCD0AD700F5B191 /* Release */,
			);
			defaultConfigurationIsVisible = 0;
			defaultConfigurationName = Debug;
		};
		EDDAB9BD218FCEC8006719C9 /* Build configuration list for PBXNativeTarget "GNL" */ = {
			isa = XCConfigurationList;
			buildConfigurations = (
				EDDAB9BE218FCEC8006719C9 /* Debug */,
				EDDAB9BF218FCEC8006719C9 /* Release */,
			);
			defaultConfigurationIsVisible = 0;
			defaultConfigurationName = Debug;
		};
/* End XCConfigurationList section */
	};
	rootObject = ED4DAFB41FCD0AD700F5B191 /* Project object */;
}
